
Microsoft Visual Studio Solution File, Format Version 12.00
# Visual Studio Version 17
VisualStudioVersion = 17.5.002.0
MinimumVisualStudioVersion = 10.0.40219.1
Project("{9A19103F-16F7-4668-BE54-9A1E7A4F7556}") = "MVC_JOGADORES", "MVC_JOGADORES.csproj", "{E882B6F1-7FDB-43C5-B3C9-294E2682BCBB}"
EndProject
Global
	GlobalSection(SolutionConfigurationPlatforms) = preSolution
		Debug|Any CPU = Debug|Any CPU
		Release|Any CPU = Release|Any CPU
	EndGlobalSection
	GlobalSection(ProjectConfigurationPlatforms) = postSolution
		{E882B6F1-7FDB-43C5-B3C9-294E2682BCBB}.Debug|Any CPU.ActiveCfg = Debug|Any CPU
		{E882B6F1-7FDB-43C5-B3C9-294E2682BCBB}.Debug|Any CPU.Build.0 = Debug|Any CPU
		{E882B6F1-7FDB-43C5-B3C9-294E2682BCBB}.Release|Any CPU.ActiveCfg = Release|Any CPU
		{E882B6F1-7FDB-43C5-B3C9-294E2682BCBB}.Release|Any CPU.Build.0 = Release|Any CPU
	EndGlobalSection
	GlobalSection(SolutionProperties) = preSolution
		HideSolutionNode = FALSE
	EndGlobalSection
	GlobalSection(ExtensibilityGlobals) = postSolution
		SolutionGuid = {B3B5E765-45E5-4CA4-A339-F3F721B59819}
	EndGlobalSection
EndGlobal
