
Microsoft Visual Studio Solution File, Format Version 12.00
# Visual Studio Version 17
VisualStudioVersion = 17.5.002.0
MinimumVisualStudioVersion = 10.0.40219.1
Project("{9A19103F-16F7-4668-BE54-9A1E7A4F7556}") = "240401_01", "240401_01.csproj", "{17D302DF-F8B7-46BE-8D84-6E0EA7687310}"
EndProject
Global
	GlobalSection(SolutionConfigurationPlatforms) = preSolution
		Debug|Any CPU = Debug|Any CPU
		Release|Any CPU = Release|Any CPU
	EndGlobalSection
	GlobalSection(ProjectConfigurationPlatforms) = postSolution
		{17D302DF-F8B7-46BE-8D84-6E0EA7687310}.Debug|Any CPU.ActiveCfg = Debug|Any CPU
		{17D302DF-F8B7-46BE-8D84-6E0EA7687310}.Debug|Any CPU.Build.0 = Debug|Any CPU
		{17D302DF-F8B7-46BE-8D84-6E0EA7687310}.Release|Any CPU.ActiveCfg = Release|Any CPU
		{17D302DF-F8B7-46BE-8D84-6E0EA7687310}.Release|Any CPU.Build.0 = Release|Any CPU
	EndGlobalSection
	GlobalSection(SolutionProperties) = preSolution
		HideSolutionNode = FALSE
	EndGlobalSection
	GlobalSection(ExtensibilityGlobals) = postSolution
		SolutionGuid = {C2E6DCFB-E3AA-4069-9F2C-FB3E6C6F1DF5}
	EndGlobalSection
EndGlobal